
Microsoft Visual Studio Solution File, Format Version 12.00
# Visual Studio 15
VisualStudioVersion = 15.0.28010.2036
MinimumVisualStudioVersion = 10.0.40219.1
Project("{FAE04EC0-301F-11D3-BF4B-00C04F79EFBC}") = "Aplikacja", "Aplikacja\Aplikacja.csproj", "{70EE638C-DAA2-4CF6-A8B2-D871C0DDB53A}"
EndProject
Global
	GlobalSection(SolutionConfigurationPlatforms) = preSolution
		Debug|Any CPU = Debug|Any CPU
		Release|Any CPU = Release|Any CPU
	EndGlobalSection
	GlobalSection(ProjectConfigurationPlatforms) = postSolution
		{70EE638C-DAA2-4CF6-A8B2-D871C0DDB53A}.Debug|Any CPU.ActiveCfg = Debug|Any CPU
		{70EE638C-DAA2-4CF6-A8B2-D871C0DDB53A}.Debug|Any CPU.Build.0 = Debug|Any CPU
		{70EE638C-DAA2-4CF6-A8B2-D871C0DDB53A}.Release|Any CPU.ActiveCfg = Release|Any CPU
		{70EE638C-DAA2-4CF6-A8B2-D871C0DDB53A}.Release|Any CPU.Build.0 = Release|Any CPU
	EndGlobalSection
	GlobalSection(SolutionProperties) = preSolution
		HideSolutionNode = FALSE
	EndGlobalSection
	GlobalSection(ExtensibilityGlobals) = postSolution
		SolutionGuid = {9A51FE25-635C-4D25-BAF8-425F20269106}
	EndGlobalSection
EndGlobal
